{
  "name": "my-app",
  "version": "1.0.0",
  "lockfileVersion": 3,
  "requires": true,
  "packages": {
    "": {
      "name": "my-app",
      "version": "1.0.0",
      "dependencies": {
        "@abp/aspnetcore.mvc.ui.theme.leptonxlite": "~3.3.0"
      }
    },
    "node_modules/@abp/aspnetcore.mvc.ui": {
      "version": "8.3.4",
      "resolved": "https://registry.npmmirror.com/@abp/aspnetcore.mvc.ui/-/aspnetcore.mvc.ui-8.3.4.tgz",
      "integrity": "sha512-sjGE/EoNM98mXNYPze2C7GPP+TNpv4TLIt416ojaqtxru60oddr4VWrOGuhaqUCO2jJes3OwFZi5PY3hVOBbYw==",
      "license": "LGPL-3.0",
      "dependencies": {
        "ansi-colors": "^4.1.3"
      }
    },
    "node_modules/@abp/aspnetcore.mvc.ui.theme.leptonxlite": {
      "version": "3.3.4",
      "resolved": "https://registry.npmmirror.com/@abp/aspnetcore.mvc.ui.theme.leptonxlite/-/aspnetcore.mvc.ui.theme.leptonxlite-3.3.4.tgz",
      "integrity": "sha512-5rrwwZ9n2/yePo+GnHuUsP0TelCwRwCQjYyQFdF/Nd4B3UNQVO/AXQc0Ep3+vHhUxSL386j6ObZYu14VdjPg2g==",
      "license": "LGPL-3.0",
      "dependencies": {
        "@abp/aspnetcore.mvc.ui.theme.shared": "~8.3.4"
      }
    },
    "node_modules/@abp/aspnetcore.mvc.ui.theme.shared": {
      "version": "8.3.4",
      "resolved": "https://registry.npmmirror.com/@abp/aspnetcore.mvc.ui.theme.shared/-/aspnetcore.mvc.ui.theme.shared-8.3.4.tgz",
      "integrity": "sha512-bZy8iAIN0QfNJXCRg+RR1NxqTzNDSXRPBx+ksFtDxY6FzMJvwwSOmHF0wqsMLj1xpwXjijWaVWQ2RM/7scDWmw==",
      "license": "LGPL-3.0",
      "dependencies": {
        "@abp/aspnetcore.mvc.ui": "~8.3.4",
        "@abp/bootstrap": "~8.3.4",
        "@abp/bootstrap-datepicker": "~8.3.4",
        "@abp/bootstrap-daterangepicker": "~8.3.4",
        "@abp/datatables.net-bs5": "~8.3.4",
        "@abp/font-awesome": "~8.3.4",
        "@abp/jquery-form": "~8.3.4",
        "@abp/jquery-validation-unobtrusive": "~8.3.4",
        "@abp/lodash": "~8.3.4",
        "@abp/luxon": "~8.3.4",
        "@abp/malihu-custom-scrollbar-plugin": "~8.3.4",
        "@abp/moment": "~8.3.4",
        "@abp/select2": "~8.3.4",
        "@abp/sweetalert2": "~8.3.4",
        "@abp/timeago": "~8.3.4",
        "@abp/toastr": "~8.3.4"
      }
    },
    "node_modules/@abp/bootstrap": {
      "version": "8.3.4",
      "resolved": "https://registry.npmmirror.com/@abp/bootstrap/-/bootstrap-8.3.4.tgz",
      "integrity": "sha512-GXCLFFmPNaR3DjQYSaqACL5sH/M9FPia2OKAAMOd796+NmcoFpT+S7l4C6ihqeQc4bjFm0voB8QklueGWx6r8A==",
      "license": "LGPL-3.0",
      "dependencies": {
        "@abp/core": "~8.3.4",
        "bootstrap": "^5.3.3"
      }
    },
    "node_modules/@abp/bootstrap-datepicker": {
      "version": "8.3.4",
      "resolved": "https://registry.npmmirror.com/@abp/bootstrap-datepicker/-/bootstrap-datepicker-8.3.4.tgz",
      "integrity": "sha512-txilFovf9zT1w+fTkyI3eZdiISjaxc/+wRRFKwrkVH+0xEgaiR41svKm6sjWBORxgTddlGas87SZJvYY3IKBjA==",
      "license": "LGPL-3.0",
      "dependencies": {
        "bootstrap-datepicker": "^1.10.0"
      }
    },
    "node_modules/@abp/bootstrap-daterangepicker": {
      "version": "8.3.4",
      "resolved": "https://registry.npmmirror.com/@abp/bootstrap-daterangepicker/-/bootstrap-daterangepicker-8.3.4.tgz",
      "integrity": "sha512-bYkYjk1zTdWcM4DGwnDoU+4pDvs1S8hkNWhrnpP0o8oRoJiesO8Aeda+82rtydtWnxHg+HkDC0iYFFqaNuHvbg==",
      "license": "LGPL-3.0",
      "dependencies": {
        "bootstrap-daterangepicker": "^3.1.0"
      }
    },
    "node_modules/@abp/core": {
      "version": "8.3.4",
      "resolved": "https://registry.npmmirror.com/@abp/core/-/core-8.3.4.tgz",
      "integrity": "sha512-wImAdZABahaQe6mmZAZlPfYZ3PEhL7eEq+18c1WFO0xeD98oxqi8H1X7+3ABjyFscIh9LIxJVaD3RJ9OHCc5bw==",
      "license": "LGPL-3.0",
      "dependencies": {
        "@abp/utils": "~8.3.4"
      }
    },
    "node_modules/@abp/datatables.net": {
      "version": "8.3.4",
      "resolved": "https://registry.npmmirror.com/@abp/datatables.net/-/datatables.net-8.3.4.tgz",
      "integrity": "sha512-cwE9TFoRoszmI3zNVaYJtqjSPtwkL9dhCfE02zsmJo8GBdFAlbzAmQenfQiWb3BZhvUvKKN20e+og9S8qoCbXA==",
      "license": "LGPL-3.0",
      "dependencies": {
        "@abp/jquery": "~8.3.4",
        "datatables.net": "^2.0.8"
      }
    },
    "node_modules/@abp/datatables.net-bs5": {
      "version": "8.3.4",
      "resolved": "https://registry.npmmirror.com/@abp/datatables.net-bs5/-/datatables.net-bs5-8.3.4.tgz",
      "integrity": "sha512-u85aXjqYIJJfOsMq6oNqfxNgxQqV6vOEnJ32vrH294ceW8RzUxHA+G/ZkGRLLRGWVuxuARD/UXzEotH5sd1Ssw==",
      "license": "LGPL-3.0",
      "dependencies": {
        "@abp/datatables.net": "~8.3.4",
        "datatables.net-bs5": "^2.0.8"
      }
    },
    "node_modules/@abp/font-awesome": {
      "version": "8.3.4",
      "resolved": "https://registry.npmmirror.com/@abp/font-awesome/-/font-awesome-8.3.4.tgz",
      "integrity": "sha512-5+D5XKnrZROtg9PJ2zex52gbphXGK/7ZIUsszEg8rOIc/niXggaZLmuDcYJwOEzIkwpGO9OvYy7lc0tHv/Pr4g==",
      "license": "LGPL-3.0",
      "dependencies": {
        "@abp/core": "~8.3.4",
        "@fortawesome/fontawesome-free": "^6.5.2"
      }
    },
    "node_modules/@abp/jquery": {
      "version": "8.3.4",
      "resolved": "https://registry.npmmirror.com/@abp/jquery/-/jquery-8.3.4.tgz",
      "integrity": "sha512-Zx2rErtgc0gxjX5PURjp6sjDQfzxBChUE9YWN37Xh+Ysm3tTGcXlF0Emwl94MZ640NfmYRpG4AWdik6kbaU5Wg==",
      "license": "LGPL-3.0",
      "dependencies": {
        "@abp/core": "~8.3.4",
        "jquery": "~3.7.1"
      }
    },
    "node_modules/@abp/jquery-form": {
      "version": "8.3.4",
      "resolved": "https://registry.npmmirror.com/@abp/jquery-form/-/jquery-form-8.3.4.tgz",
      "integrity": "sha512-vFjWbTbHQyIsk5SS7Cc+5YrJ15ORjJU+YWVPchI0qoug26for06a7lDGpazWMadxx3iPL7cKLqneOqaVtHkgJA==",
      "license": "LGPL-3.0",
      "dependencies": {
        "@abp/jquery": "~8.3.4",
        "jquery-form": "^4.3.0"
      }
    },
    "node_modules/@abp/jquery-validation": {
      "version": "8.3.4",
      "resolved": "https://registry.npmmirror.com/@abp/jquery-validation/-/jquery-validation-8.3.4.tgz",
      "integrity": "sha512-XvL0H3IRuSHwpPKUyJmW6PH8KwPDt9NllMqPGreRANF8l5IU10hOLEeP2BnGFfGMqFwqUMh+eJRar5yZcegkmg==",
      "license": "LGPL-3.0",
      "dependencies": {
        "@abp/jquery": "~8.3.4",
        "jquery-validation": "^1.20.1"
      }
    },
    "node_modules/@abp/jquery-validation-unobtrusive": {
      "version": "8.3.4",
      "resolved": "https://registry.npmmirror.com/@abp/jquery-validation-unobtrusive/-/jquery-validation-unobtrusive-8.3.4.tgz",
      "integrity": "sha512-+kJA5vfvxkrj/iW4Q84BrMTrAGOhC2Hb5czAKr6c60Prmayk5hcakZdXc3wDBHREBLVAq1Muk4AtEJZmaKIeaA==",
      "license": "LGPL-3.0",
      "dependencies": {
        "@abp/jquery-validation": "~8.3.4",
        "jquery-validation-unobtrusive": "^4.0.0"
      }
    },
    "node_modules/@abp/lodash": {
      "version": "8.3.4",
      "resolved": "https://registry.npmmirror.com/@abp/lodash/-/lodash-8.3.4.tgz",
      "integrity": "sha512-yGd/oLds0jpTgTpmkFYOEomS4K15DGcffMP3N1t0qKLgTaBYTQzeugHVgQ0baufC+OvLjumDNuu3eHjBJewwKg==",
      "license": "LGPL-3.0",
      "dependencies": {
        "@abp/core": "~8.3.4",
        "lodash": "^4.17.21"
      }
    },
    "node_modules/@abp/luxon": {
      "version": "8.3.4",
      "resolved": "https://registry.npmmirror.com/@abp/luxon/-/luxon-8.3.4.tgz",
      "integrity": "sha512-l1nvfqdhHBgHBPK+bLClAEprRK3K5zx5Jar93o5++6r3zXUhYi5OUHUxl+LuGn8MXLvHJVGL41irHl6sYjFSww==",
      "license": "LGPL-3.0",
      "dependencies": {
        "@abp/core": "~8.3.4",
        "luxon": "^3.4.4"
      }
    },
    "node_modules/@abp/malihu-custom-scrollbar-plugin": {
      "version": "8.3.4",
      "resolved": "https://registry.npmmirror.com/@abp/malihu-custom-scrollbar-plugin/-/malihu-custom-scrollbar-plugin-8.3.4.tgz",
      "integrity": "sha512-uKRk8+HCvXtpmvof5W09908AkivlweErTE62b0JhkrJVIlYt/0LC1MmB/qHHBfPj6OK05HYGBi3inr7fNAPXEQ==",
      "license": "LGPL-3.0",
      "dependencies": {
        "@abp/core": "~8.3.4",
        "malihu-custom-scrollbar-plugin": "^3.1.5"
      }
    },
    "node_modules/@abp/moment": {
      "version": "8.3.4",
      "resolved": "https://registry.npmmirror.com/@abp/moment/-/moment-8.3.4.tgz",
      "integrity": "sha512-61J8drO3OqkaaAn66xBg6jCws1iV6zutjYQvpEXLdGBA9Kvw2J87GSomxJ4mcIo/5+jzrVro6JYaCfKWY8b1dw==",
      "license": "LGPL-3.0",
      "dependencies": {
        "moment": "^2.30.1"
      }
    },
    "node_modules/@abp/select2": {
      "version": "8.3.4",
      "resolved": "https://registry.npmmirror.com/@abp/select2/-/select2-8.3.4.tgz",
      "integrity": "sha512-sPtYstFVvMTT8fdXRIfHeODIgSN2ufWm6zCMGH7C0cST3FF59M4m/MtdKGBlA/itzHPxeDv7A6dy4Aw4l7Gk4Q==",
      "license": "LGPL-3.0",
      "dependencies": {
        "@abp/core": "~8.3.4",
        "select2": "^4.0.13"
      }
    },
    "node_modules/@abp/sweetalert2": {
      "version": "8.3.4",
      "resolved": "https://registry.npmmirror.com/@abp/sweetalert2/-/sweetalert2-8.3.4.tgz",
      "integrity": "sha512-6HqxISh+FodwUsCrR3nX49RQDhzHtDlz8ul42TecUMsGa96qX2lvwnoWkXAHLG3mdLRy62Z0dhJ1JKMfrPeJeg==",
      "license": "LGPL-3.0",
      "dependencies": {
        "@abp/core": "~8.3.4",
        "sweetalert2": "^11.3.6"
      }
    },
    "node_modules/@abp/timeago": {
      "version": "8.3.4",
      "resolved": "https://registry.npmmirror.com/@abp/timeago/-/timeago-8.3.4.tgz",
      "integrity": "sha512-cDARYysPn5Rr/9rqVn7S4sBWbeEpaIXr8NKwGZqNOzMF2g283SkLKrkQJBWIC6Pn2lVeIB7AV1+GtVn81V/nnw==",
      "license": "LGPL-3.0",
      "dependencies": {
        "@abp/jquery": "~8.3.4",
        "timeago": "^1.6.7"
      }
    },
    "node_modules/@abp/toastr": {
      "version": "8.3.4",
      "resolved": "https://registry.npmmirror.com/@abp/toastr/-/toastr-8.3.4.tgz",
      "integrity": "sha512-29C9GgwlumrHgt1iZ4lArDnlXfSvmCHDehxkbDutrkC1m257UxQaOID11us2UeCs3JobueQcLlQKD/LqnDB4xA==",
      "license": "LGPL-3.0",
      "dependencies": {
        "@abp/jquery": "~8.3.4",
        "toastr": "^2.1.4"
      }
    },
    "node_modules/@abp/utils": {
      "version": "8.3.4",
      "resolved": "https://registry.npmmirror.com/@abp/utils/-/utils-8.3.4.tgz",
      "integrity": "sha512-7Lq3wdk/07vKgQnR56DTmdSuYRABMe0XTGPJRS5F91DVbggeJyDUaqifVvOeurF/3CZJOS7fJpoIHQXeUveFtQ==",
      "license": "LGPL-3.0",
      "dependencies": {
        "just-compare": "^2.3.0"
      }
    },
    "node_modules/@fortawesome/fontawesome-free": {
      "version": "6.7.2",
      "resolved": "https://registry.npmmirror.com/@fortawesome/fontawesome-free/-/fontawesome-free-6.7.2.tgz",
      "integrity": "sha512-JUOtgFW6k9u4Y+xeIaEiLr3+cjoUPiAuLXoyKOJSia6Duzb7pq+A76P9ZdPDoAoxHdHzq6gE9/jKBGXlZT8FbA==",
      "license": "(CC-BY-4.0 AND OFL-1.1 AND MIT)",
      "engines": {
        "node": ">=6"
      }
    },
    "node_modules/@popperjs/core": {
      "version": "2.11.8",
      "resolved": "https://registry.npmmirror.com/@popperjs/core/-/core-2.11.8.tgz",
      "integrity": "sha512-P1st0aksCrn9sGZhp8GMYwBnQsbvAWsZAX44oXNNvLHGqAOcoVxmjZiohstwQ7SqKnbR47akdNi+uleWD8+g6A==",
      "license": "MIT",
      "peer": true,
      "funding": {
        "type": "opencollective",
        "url": "https://opencollective.com/popperjs"
      }
    },
    "node_modules/ansi-colors": {
      "version": "4.1.3",
      "resolved": "https://registry.npmmirror.com/ansi-colors/-/ansi-colors-4.1.3.tgz",
      "integrity": "sha512-/6w/C21Pm1A7aZitlI5Ni/2J6FFQN8i1Cvz3kHABAAbw93v/NlvKdVOqz7CCWz/3iv/JplRSEEZ83XION15ovw==",
      "license": "MIT",
      "engines": {
        "node": ">=6"
      }
    },
    "node_modules/bootstrap": {
      "version": "5.3.8",
      "resolved": "https://registry.npmmirror.com/bootstrap/-/bootstrap-5.3.8.tgz",
      "integrity": "sha512-HP1SZDqaLDPwsNiqRqi5NcP0SSXciX2s9E+RyqJIIqGo+vJeN5AJVM98CXmW/Wux0nQ5L7jeWUdplCEf0Ee+tg==",
      "funding": [
        {
          "type": "github",
          "url": "https://github.com/sponsors/twbs"
        },
        {
          "type": "opencollective",
          "url": "https://opencollective.com/bootstrap"
        }
      ],
      "license": "MIT",
      "peerDependencies": {
        "@popperjs/core": "^2.11.8"
      }
    },
    "node_modules/bootstrap-datepicker": {
      "version": "1.10.1",
      "resolved": "https://registry.npmmirror.com/bootstrap-datepicker/-/bootstrap-datepicker-1.10.1.tgz",
      "integrity": "sha512-GIe+fsLp9Hi30oW7L2v2Q9/a4+aojrIA2p4ZagtLuKw2lpfQgjJjM0L6vl/lYQydGXWUbpoKbEC/O5tzWIkEKQ==",
      "license": "Apache-2.0",
      "dependencies": {
        "jquery": ">=3.4.0 <4.0.0"
      }
    },
    "node_modules/bootstrap-daterangepicker": {
      "version": "3.1.0",
      "resolved": "https://registry.npmmirror.com/bootstrap-daterangepicker/-/bootstrap-daterangepicker-3.1.0.tgz",
      "integrity": "sha512-oaQZx6ZBDo/dZNyXGVi2rx5GmFXThyQLAxdtIqjtLlYVaQUfQALl5JZMJJZzyDIX7blfy4ppZPAJ10g8Ma4d/g==",
      "license": "MIT",
      "dependencies": {
        "jquery": ">=1.10",
        "moment": "^2.9.0"
      }
    },
    "node_modules/datatables.net": {
      "version": "2.3.7",
      "resolved": "https://registry.npmmirror.com/datatables.net/-/datatables.net-2.3.7.tgz",
      "integrity": "sha512-AvsjG/Nkp6OxeyBKYZauemuzQCPogE1kOtKwG4sYjvdqGCSLiGaJagQwXv4YxG+ts5vaJr6qKGG9ec3g6vTo3w==",
      "license": "MIT",
      "dependencies": {
        "jquery": ">=1.7"
      }
    },
    "node_modules/datatables.net-bs5": {
      "version": "2.3.7",
      "resolved": "https://registry.npmmirror.com/datatables.net-bs5/-/datatables.net-bs5-2.3.7.tgz",
      "integrity": "sha512-RiCEMpMXDBeMDwjSrMpmcXDU6mibRMuOn7Wk7k3SlOfLEY3FQHO7S2m+K7teXYeaNlCLyjJMU+6BUUwlBCpLFw==",
      "license": "MIT",
      "dependencies": {
        "datatables.net": "2.3.7",
        "jquery": ">=1.7"
      }
    },
    "node_modules/jquery": {
      "version": "3.7.1",
      "resolved": "https://registry.npmmirror.com/jquery/-/jquery-3.7.1.tgz",
      "integrity": "sha512-m4avr8yL8kmFN8psrbFFFmB/If14iN5o9nw/NgnnM+kybDJpRsAynV2BsfpTYrTRysYUdADVD7CkUUizgkpLfg==",
      "license": "MIT"
    },
    "node_modules/jquery-form": {
      "version": "4.3.0",
      "resolved": "https://registry.npmmirror.com/jquery-form/-/jquery-form-4.3.0.tgz",
      "integrity": "sha512-q3uaVCEWdLOYUCI6dpNdwf/7cJFOsUgdpq6r0taxtGQ5NJSkOzofyWm4jpOuJ5YxdmL1FI5QR+q+HB63HHLGnQ==",
      "license": "(LGPL-2.1+ OR MIT)",
      "dependencies": {
        "jquery": ">=1.7.2"
      }
    },
    "node_modules/jquery-mousewheel": {
      "version": "3.2.2",
      "resolved": "https://registry.npmmirror.com/jquery-mousewheel/-/jquery-mousewheel-3.2.2.tgz",
      "integrity": "sha512-JP71xTAg08ZY3hcs9ZbYUZ5i+dkSsz4yRl/zpWkAmtzc+kMs5EfPkpkINSidiLYMaR0MTo3DfFGF9WIezMsFQQ==",
      "license": "MIT",
      "dependencies": {
        "jquery": ">=1.2.6"
      }
    },
    "node_modules/jquery-validation": {
      "version": "1.22.1",
      "resolved": "https://registry.npmmirror.com/jquery-validation/-/jquery-validation-1.22.1.tgz",
      "integrity": "sha512-ePLXLWK7Rh5eR652YsuIu7YPeGlCXrsJUteVw5iZopiU17yaMd3FaDggs6yyNMl56p8TYVeDRmKGK3fPZrMeQw==",
      "license": "MIT",
      "peerDependencies": {
        "jquery": "^1.7 || ^2.0 || ^3.1 || ^4.0"
      }
    },
    "node_modules/jquery-validation-unobtrusive": {
      "version": "4.0.0",
      "resolved": "https://registry.npmmirror.com/jquery-validation-unobtrusive/-/jquery-validation-unobtrusive-4.0.0.tgz",
      "integrity": "sha512-1ervYFFv6LX/rp7ktuLnMakHNG0piNRDyROI8Ir3hL1vPIwylAehB1AY3BPrYJnzW3WmwWryZq+Bz4sazZK9iQ==",
      "license": "https://aka.ms/jqueryunobtrusivelicense",
      "dependencies": {
        "jquery": "^3.6.0",
        "jquery-validation": ">=1.19"
      }
    },
    "node_modules/just-compare": {
      "version": "2.3.0",
      "resolved": "https://registry.npmmirror.com/just-compare/-/just-compare-2.3.0.tgz",
      "integrity": "sha512-6shoR7HDT+fzfL3gBahx1jZG3hWLrhPAf+l7nCwahDdT9XDtosB9kIF0ZrzUp5QY8dJWfQVr5rnsPqsbvflDzg==",
      "license": "MIT"
    },
    "node_modules/lodash": {
      "version": "4.18.1",
      "resolved": "https://registry.npmmirror.com/lodash/-/lodash-4.18.1.tgz",
      "integrity": "sha512-dMInicTPVE8d1e5otfwmmjlxkZoUpiVLwyeTdUsi/Caj/gfzzblBcCE5sRHV/AsjuCmxWrte2TNGSYuCeCq+0Q==",
      "license": "MIT"
    },
    "node_modules/luxon": {
      "version": "3.7.2",
      "resolved": "https://registry.npmmirror.com/luxon/-/luxon-3.7.2.tgz",
      "integrity": "sha512-vtEhXh/gNjI9Yg1u4jX/0YVPMvxzHuGgCm6tC5kZyb08yjGWGnqAjGJvcXbqQR2P3MyMEFnRbpcdFS6PBcLqew==",
      "license": "MIT",
      "engines": {
        "node": ">=12"
      }
    },
    "node_modules/malihu-custom-scrollbar-plugin": {
      "version": "3.1.5",
      "resolved": "https://registry.npmmirror.com/malihu-custom-scrollbar-plugin/-/malihu-custom-scrollbar-plugin-3.1.5.tgz",
      "integrity": "sha512-lwW3LgI+CNDMPnP4ED2la6oYxWMkCXlnhex+s2wuOLhFDFGnGmQuTQVdRK9bvDLpxs10sGlfErVufJy9ztfgJQ==",
      "license": "MIT",
      "dependencies": {
        "jquery-mousewheel": ">=3.0.6"
      }
    },
    "node_modules/moment": {
      "version": "2.30.1",
      "resolved": "https://registry.npmmirror.com/moment/-/moment-2.30.1.tgz",
      "integrity": "sha512-uEmtNhbDOrWPFS+hdjFCBfy9f2YoyzRpwcl+DqpC6taX21FzsTLQVbMV/W7PzNSX6x/bhC1zA3c2UQ5NzH6how==",
      "license": "MIT",
      "engines": {
        "node": "*"
      }
    },
    "node_modules/select2": {
      "version": "4.0.13",
      "resolved": "https://registry.npmmirror.com/select2/-/select2-4.0.13.tgz",
      "integrity": "sha512-1JeB87s6oN/TDxQQYCvS5EFoQyvV6eYMZZ0AeA4tdFDYWN3BAGZ8npr17UBFddU0lgAt3H0yjX3X6/ekOj1yjw==",
      "license": "MIT"
    },
    "node_modules/sweetalert2": {
      "version": "11.26.24",
      "resolved": "https://registry.npmmirror.com/sweetalert2/-/sweetalert2-11.26.24.tgz",
      "integrity": "sha512-SLgukW4wicewpW5VOukSXY5Z6DL/z7HCOK2ODSjmQPiSphCN8gJAmh9npoceXOtBRNoDN0xIz+zHYthtfiHmjg==",
      "license": "MIT",
      "funding": {
        "type": "individual",
        "url": "https://github.com/sponsors/limonte"
      }
    },
    "node_modules/timeago": {
      "version": "1.6.7",
      "resolved": "https://registry.npmmirror.com/timeago/-/timeago-1.6.7.tgz",
      "integrity": "sha512-FikcjN98+ij0siKH4VO4dZ358PR3oDDq4Vdl1+sN9gWz1/+JXGr3uZbUShYH/hL7bMhcTpPbplJU5Tej4b4jbQ==",
      "dependencies": {
        "jquery": ">=1.5.0 <4.0"
      }
    },
    "node_modules/toastr": {
      "version": "2.1.4",
      "resolved": "https://registry.npmmirror.com/toastr/-/toastr-2.1.4.tgz",
      "integrity": "sha512-LIy77F5n+sz4tefMmFOntcJ6HL0Fv3k1TDnNmFZ0bU/GcvIIfy6eG2v7zQmMiYgaalAiUv75ttFrPn5s0gyqlA==",
      "dependencies": {
        "jquery": ">=1.12.0"
      }
    }
  }
}
